
Microsoft Visual Studio Solution File, Format Version 12.00
# Visual Studio Version 17
VisualStudioVersion = 17.3.32922.545
MinimumVisualStudioVersion = 10.0.40219.1
Project("{2150E333-8FDC-42A3-9474-1A3956D46DE8}") = "Authentication", "Authentication", "{2611CBE4-C6F4-4CD3-9704-BCE21EF52BA0}"
EndProject
Project("{9A19103F-16F7-4668-BE54-9A1E7A4F7556}") = "Authentication.Api", "Authentication\Authentication.Api\Authentication.Api.csproj", "{5C0B0386-50D2-4B19-A387-5C6E31093888}"
EndProject
Project("{2150E333-8FDC-42A3-9474-1A3956D46DE8}") = "Common", "Common", "{A994DFDC-C484-466C-BFBD-F3464F92BB1A}"
EndProject
Project("{9A19103F-16F7-4668-BE54-9A1E7A4F7556}") = "Authentication.Context", "Authentication\Authentication.Context\Authentication.Context.csproj", "{633EF2A2-531B-4098-A67F-32E117B080B0}"
EndProject
Project("{9A19103F-16F7-4668-BE54-9A1E7A4F7556}") = "Authentication.Repository", "Authentication\Authentication.Repository\Authentication.Repository.csproj", "{0776B503-1A75-4B4C-B548-01D70C0DFFC4}"
EndProject
Project("{9A19103F-16F7-4668-BE54-9A1E7A4F7556}") = "Authentication.Tests", "Authentication\Authentication.Tests\Authentication.Tests.csproj", "{8D8A3553-DD87-4B58-858F-CF5F5BECAE82}"
EndProject
Project("{9A19103F-16F7-4668-BE54-9A1E7A4F7556}") = "Authentication.Model", "Authentication\Authentication.Model\Authentication.Model.csproj", "{702394AD-6AED-4BC1-9896-6A32F174C168}"
EndProject
Project("{9A19103F-16F7-4668-BE54-9A1E7A4F7556}") = "Context.Common", "Common\Context.Common\Context.Common.csproj", "{01DE87C4-70BF-41CA-A061-312DF4A77514}"
EndProject
Project("{9A19103F-16F7-4668-BE54-9A1E7A4F7556}") = "Model.Common", "Common\Model.Common\Model.Common.csproj", "{0CE88675-7F59-4526-8D3A-439EC776E94E}"
EndProject
Project("{9A19103F-16F7-4668-BE54-9A1E7A4F7556}") = "Repository.Common", "Common\Repository.Common\Repository.Common.csproj", "{EAFE79A8-BD63-4DDD-A7A6-9DE235221E32}"
EndProject
Project("{9A19103F-16F7-4668-BE54-9A1E7A4F7556}") = "CoreApi", "CoreApi\CoreApi.csproj", "{B73E2191-B933-49F8-A9E9-4E06173C2628}"
EndProject
Project("{FAE04EC0-301F-11D3-BF4B-00C04F79EFBC}") = "Service.Common", "Common\Service.Common\Service.Common.csproj", "{D1EBB0BB-DEE7-431B-933B-CA96212D4803}"
EndProject
Global
	GlobalSection(SolutionConfigurationPlatforms) = preSolution
		Debug|Any CPU = Debug|Any CPU
		Release|Any CPU = Release|Any CPU
		Testing|Any CPU = Testing|Any CPU
	EndGlobalSection
	GlobalSection(ProjectConfigurationPlatforms) = postSolution
		{5C0B0386-50D2-4B19-A387-5C6E31093888}.Debug|Any CPU.ActiveCfg = Debug|Any CPU
		{5C0B0386-50D2-4B19-A387-5C6E31093888}.Debug|Any CPU.Build.0 = Debug|Any CPU
		{5C0B0386-50D2-4B19-A387-5C6E31093888}.Release|Any CPU.ActiveCfg = Release|Any CPU
		{5C0B0386-50D2-4B19-A387-5C6E31093888}.Release|Any CPU.Build.0 = Release|Any CPU
		{5C0B0386-50D2-4B19-A387-5C6E31093888}.Testing|Any CPU.ActiveCfg = Release|Any CPU
		{5C0B0386-50D2-4B19-A387-5C6E31093888}.Testing|Any CPU.Build.0 = Release|Any CPU
		{633EF2A2-531B-4098-A67F-32E117B080B0}.Debug|Any CPU.ActiveCfg = Debug|Any CPU
		{633EF2A2-531B-4098-A67F-32E117B080B0}.Debug|Any CPU.Build.0 = Debug|Any CPU
		{633EF2A2-531B-4098-A67F-32E117B080B0}.Release|Any CPU.ActiveCfg = Release|Any CPU
		{633EF2A2-531B-4098-A67F-32E117B080B0}.Release|Any CPU.Build.0 = Release|Any CPU
		{633EF2A2-531B-4098-A67F-32E117B080B0}.Testing|Any CPU.ActiveCfg = Release|Any CPU
		{633EF2A2-531B-4098-A67F-32E117B080B0}.Testing|Any CPU.Build.0 = Release|Any CPU
		{0776B503-1A75-4B4C-B548-01D70C0DFFC4}.Debug|Any CPU.ActiveCfg = Debug|Any CPU
		{0776B503-1A75-4B4C-B548-01D70C0DFFC4}.Debug|Any CPU.Build.0 = Debug|Any CPU
		{0776B503-1A75-4B4C-B548-01D70C0DFFC4}.Release|Any CPU.ActiveCfg = Release|Any CPU
		{0776B503-1A75-4B4C-B548-01D70C0DFFC4}.Release|Any CPU.Build.0 = Release|Any CPU
		{0776B503-1A75-4B4C-B548-01D70C0DFFC4}.Testing|Any CPU.ActiveCfg = Release|Any CPU
		{0776B503-1A75-4B4C-B548-01D70C0DFFC4}.Testing|Any CPU.Build.0 = Release|Any CPU
		{8D8A3553-DD87-4B58-858F-CF5F5BECAE82}.Debug|Any CPU.ActiveCfg = Debug|Any CPU
		{8D8A3553-DD87-4B58-858F-CF5F5BECAE82}.Debug|Any CPU.Build.0 = Debug|Any CPU
		{8D8A3553-DD87-4B58-858F-CF5F5BECAE82}.Release|Any CPU.ActiveCfg = Release|Any CPU
		{8D8A3553-DD87-4B58-858F-CF5F5BECAE82}.Release|Any CPU.Build.0 = Release|Any CPU
		{8D8A3553-DD87-4B58-858F-CF5F5BECAE82}.Testing|Any CPU.ActiveCfg = Release|Any CPU
		{8D8A3553-DD87-4B58-858F-CF5F5BECAE82}.Testing|Any CPU.Build.0 = Release|Any CPU
		{702394AD-6AED-4BC1-9896-6A32F174C168}.Debug|Any CPU.ActiveCfg = Debug|Any CPU
		{702394AD-6AED-4BC1-9896-6A32F174C168}.Debug|Any CPU.Build.0 = Debug|Any CPU
		{702394AD-6AED-4BC1-9896-6A32F174C168}.Release|Any CPU.ActiveCfg = Release|Any CPU
		{702394AD-6AED-4BC1-9896-6A32F174C168}.Release|Any CPU.Build.0 = Release|Any CPU
		{702394AD-6AED-4BC1-9896-6A32F174C168}.Testing|Any CPU.ActiveCfg = Debug|Any CPU
		{702394AD-6AED-4BC1-9896-6A32F174C168}.Testing|Any CPU.Build.0 = Debug|Any CPU
		{01DE87C4-70BF-41CA-A061-312DF4A77514}.Debug|Any CPU.ActiveCfg = Debug|Any CPU
		{01DE87C4-70BF-41CA-A061-312DF4A77514}.Debug|Any CPU.Build.0 = Debug|Any CPU
		{01DE87C4-70BF-41CA-A061-312DF4A77514}.Release|Any CPU.ActiveCfg = Release|Any CPU
		{01DE87C4-70BF-41CA-A061-312DF4A77514}.Release|Any CPU.Build.0 = Release|Any CPU
		{01DE87C4-70BF-41CA-A061-312DF4A77514}.Testing|Any CPU.ActiveCfg = Debug|Any CPU
		{01DE87C4-70BF-41CA-A061-312DF4A77514}.Testing|Any CPU.Build.0 = Debug|Any CPU
		{0CE88675-7F59-4526-8D3A-439EC776E94E}.Debug|Any CPU.ActiveCfg = Debug|Any CPU
		{0CE88675-7F59-4526-8D3A-439EC776E94E}.Debug|Any CPU.Build.0 = Debug|Any CPU
		{0CE88675-7F59-4526-8D3A-439EC776E94E}.Release|Any CPU.ActiveCfg = Release|Any CPU
		{0CE88675-7F59-4526-8D3A-439EC776E94E}.Release|Any CPU.Build.0 = Release|Any CPU
		{0CE88675-7F59-4526-8D3A-439EC776E94E}.Testing|Any CPU.ActiveCfg = Testing|Any CPU
		{0CE88675-7F59-4526-8D3A-439EC776E94E}.Testing|Any CPU.Build.0 = Testing|Any CPU
		{EAFE79A8-BD63-4DDD-A7A6-9DE235221E32}.Debug|Any CPU.ActiveCfg = Debug|Any CPU
		{EAFE79A8-BD63-4DDD-A7A6-9DE235221E32}.Debug|Any CPU.Build.0 = Debug|Any CPU
		{EAFE79A8-BD63-4DDD-A7A6-9DE235221E32}.Release|Any CPU.ActiveCfg = Release|Any CPU
		{EAFE79A8-BD63-4DDD-A7A6-9DE235221E32}.Release|Any CPU.Build.0 = Release|Any CPU
		{EAFE79A8-BD63-4DDD-A7A6-9DE235221E32}.Testing|Any CPU.ActiveCfg = Debug|Any CPU
		{EAFE79A8-BD63-4DDD-A7A6-9DE235221E32}.Testing|Any CPU.Build.0 = Debug|Any CPU
		{B73E2191-B933-49F8-A9E9-4E06173C2628}.Debug|Any CPU.ActiveCfg = Debug|Any CPU
		{B73E2191-B933-49F8-A9E9-4E06173C2628}.Debug|Any CPU.Build.0 = Debug|Any CPU
		{B73E2191-B933-49F8-A9E9-4E06173C2628}.Release|Any CPU.ActiveCfg = Release|Any CPU
		{B73E2191-B933-49F8-A9E9-4E06173C2628}.Release|Any CPU.Build.0 = Release|Any CPU
		{B73E2191-B933-49F8-A9E9-4E06173C2628}.Testing|Any CPU.ActiveCfg = Debug|Any CPU
		{B73E2191-B933-49F8-A9E9-4E06173C2628}.Testing|Any CPU.Build.0 = Debug|Any CPU
		{D1EBB0BB-DEE7-431B-933B-CA96212D4803}.Debug|Any CPU.ActiveCfg = Debug|Any CPU
		{D1EBB0BB-DEE7-431B-933B-CA96212D4803}.Debug|Any CPU.Build.0 = Debug|Any CPU
		{D1EBB0BB-DEE7-431B-933B-CA96212D4803}.Release|Any CPU.ActiveCfg = Release|Any CPU
		{D1EBB0BB-DEE7-431B-933B-CA96212D4803}.Release|Any CPU.Build.0 = Release|Any CPU
		{D1EBB0BB-DEE7-431B-933B-CA96212D4803}.Testing|Any CPU.ActiveCfg = Debug|Any CPU
		{D1EBB0BB-DEE7-431B-933B-CA96212D4803}.Testing|Any CPU.Build.0 = Debug|Any CPU
	EndGlobalSection
	GlobalSection(SolutionProperties) = preSolution
		HideSolutionNode = FALSE
	EndGlobalSection
	GlobalSection(NestedProjects) = preSolution
		{5C0B0386-50D2-4B19-A387-5C6E31093888} = {2611CBE4-C6F4-4CD3-9704-BCE21EF52BA0}
		{633EF2A2-531B-4098-A67F-32E117B080B0} = {2611CBE4-C6F4-4CD3-9704-BCE21EF52BA0}
		{0776B503-1A75-4B4C-B548-01D70C0DFFC4} = {2611CBE4-C6F4-4CD3-9704-BCE21EF52BA0}
		{8D8A3553-DD87-4B58-858F-CF5F5BECAE82} = {2611CBE4-C6F4-4CD3-9704-BCE21EF52BA0}
		{702394AD-6AED-4BC1-9896-6A32F174C168} = {2611CBE4-C6F4-4CD3-9704-BCE21EF52BA0}
		{01DE87C4-70BF-41CA-A061-312DF4A77514} = {A994DFDC-C484-466C-BFBD-F3464F92BB1A}
		{0CE88675-7F59-4526-8D3A-439EC776E94E} = {A994DFDC-C484-466C-BFBD-F3464F92BB1A}
		{EAFE79A8-BD63-4DDD-A7A6-9DE235221E32} = {A994DFDC-C484-466C-BFBD-F3464F92BB1A}
		{D1EBB0BB-DEE7-431B-933B-CA96212D4803} = {A994DFDC-C484-466C-BFBD-F3464F92BB1A}
	EndGlobalSection
	GlobalSection(ExtensibilityGlobals) = postSolution
		SolutionGuid = {8BCAABA4-17A2-4603-9B3A-A483AD253BE8}
	EndGlobalSection
EndGlobal
