
Microsoft Visual Studio Solution File, Format Version 12.00
# Visual Studio Version 17
VisualStudioVersion = 17.3.32922.545
MinimumVisualStudioVersion = 10.0.40219.1
Project("{9A19103F-16F7-4668-BE54-9A1E7A4F7556}") = "CoreApi", "CoreApi\CoreApi.csproj", "{71092F3B-8C7E-44A0-94FB-C134F2233834}"
EndProject
Project("{2150E333-8FDC-42A3-9474-1A3956D46DE8}") = "Authentication", "Authentication", "{2611CBE4-C6F4-4CD3-9704-BCE21EF52BA0}"
EndProject
Project("{9A19103F-16F7-4668-BE54-9A1E7A4F7556}") = "Authentication.Api", "Authentication\Authentication.Api\Authentication.Api.csproj", "{5C0B0386-50D2-4B19-A387-5C6E31093888}"
EndProject
Project("{2150E333-8FDC-42A3-9474-1A3956D46DE8}") = "Common", "Common", "{A994DFDC-C484-466C-BFBD-F3464F92BB1A}"
EndProject
Project("{9A19103F-16F7-4668-BE54-9A1E7A4F7556}") = "Model.Common", "Common\Model.Common\Model.Common.csproj", "{06341EC3-AD72-4FE8-A081-59CEA885C84C}"
EndProject
Project("{2150E333-8FDC-42A3-9474-1A3956D46DE8}") = "Uzer", "Uzer", "{3815EA10-71F7-4187-9D32-EE6B636594E4}"
EndProject
Project("{9A19103F-16F7-4668-BE54-9A1E7A4F7556}") = "Context.Common", "Common\Context.Common\Context.Common.csproj", "{5055499C-C24D-4E67-A999-5E4C21400D77}"
EndProject
Project("{9A19103F-16F7-4668-BE54-9A1E7A4F7556}") = "Repository.Common", "Common\Repository.Common\Repository.Common.csproj", "{19D94C13-1041-4426-9F67-F1F2A5F1731E}"
EndProject
Project("{9A19103F-16F7-4668-BE54-9A1E7A4F7556}") = "Uzer.Api", "Uzer\Uzer.Api\Uzer.Api.csproj", "{DA663407-315E-4F49-9426-1A3E9BE76274}"
EndProject
Project("{9A19103F-16F7-4668-BE54-9A1E7A4F7556}") = "Uzer.Context", "Uzer\Uzer.Context\Uzer.Context.csproj", "{0CAEDCBC-0C95-4C5E-9498-15E9433DEFE5}"
EndProject
Project("{9A19103F-16F7-4668-BE54-9A1E7A4F7556}") = "Uzer.Entity", "Uzer\Uzer.Entity\Uzer.Entity.csproj", "{B3D63620-0047-4D8A-89FF-71BFBCDD0659}"
EndProject
Project("{9A19103F-16F7-4668-BE54-9A1E7A4F7556}") = "Uzer.Repository", "Uzer\Uzer.Repository\Uzer.Repository.csproj", "{7AC1C9C4-3626-4385-9C08-33A794C1E0E7}"
EndProject
Project("{9A19103F-16F7-4668-BE54-9A1E7A4F7556}") = "Authentication.Entity", "Authentication\Authentication.Entity\Authentication.Entity.csproj", "{420305A3-C964-4704-996F-A3AFA3706562}"
EndProject
Global
	GlobalSection(SolutionConfigurationPlatforms) = preSolution
		Debug|Any CPU = Debug|Any CPU
		Release|Any CPU = Release|Any CPU
	EndGlobalSection
	GlobalSection(ProjectConfigurationPlatforms) = postSolution
		{71092F3B-8C7E-44A0-94FB-C134F2233834}.Debug|Any CPU.ActiveCfg = Debug|Any CPU
		{71092F3B-8C7E-44A0-94FB-C134F2233834}.Debug|Any CPU.Build.0 = Debug|Any CPU
		{71092F3B-8C7E-44A0-94FB-C134F2233834}.Release|Any CPU.ActiveCfg = Release|Any CPU
		{71092F3B-8C7E-44A0-94FB-C134F2233834}.Release|Any CPU.Build.0 = Release|Any CPU
		{5C0B0386-50D2-4B19-A387-5C6E31093888}.Debug|Any CPU.ActiveCfg = Debug|Any CPU
		{5C0B0386-50D2-4B19-A387-5C6E31093888}.Debug|Any CPU.Build.0 = Debug|Any CPU
		{5C0B0386-50D2-4B19-A387-5C6E31093888}.Release|Any CPU.ActiveCfg = Release|Any CPU
		{5C0B0386-50D2-4B19-A387-5C6E31093888}.Release|Any CPU.Build.0 = Release|Any CPU
		{06341EC3-AD72-4FE8-A081-59CEA885C84C}.Debug|Any CPU.ActiveCfg = Debug|Any CPU
		{06341EC3-AD72-4FE8-A081-59CEA885C84C}.Debug|Any CPU.Build.0 = Debug|Any CPU
		{06341EC3-AD72-4FE8-A081-59CEA885C84C}.Release|Any CPU.ActiveCfg = Release|Any CPU
		{06341EC3-AD72-4FE8-A081-59CEA885C84C}.Release|Any CPU.Build.0 = Release|Any CPU
		{5055499C-C24D-4E67-A999-5E4C21400D77}.Debug|Any CPU.ActiveCfg = Debug|Any CPU
		{5055499C-C24D-4E67-A999-5E4C21400D77}.Debug|Any CPU.Build.0 = Debug|Any CPU
		{5055499C-C24D-4E67-A999-5E4C21400D77}.Release|Any CPU.ActiveCfg = Release|Any CPU
		{5055499C-C24D-4E67-A999-5E4C21400D77}.Release|Any CPU.Build.0 = Release|Any CPU
		{19D94C13-1041-4426-9F67-F1F2A5F1731E}.Debug|Any CPU.ActiveCfg = Debug|Any CPU
		{19D94C13-1041-4426-9F67-F1F2A5F1731E}.Debug|Any CPU.Build.0 = Debug|Any CPU
		{19D94C13-1041-4426-9F67-F1F2A5F1731E}.Release|Any CPU.ActiveCfg = Release|Any CPU
		{19D94C13-1041-4426-9F67-F1F2A5F1731E}.Release|Any CPU.Build.0 = Release|Any CPU
		{DA663407-315E-4F49-9426-1A3E9BE76274}.Debug|Any CPU.ActiveCfg = Debug|Any CPU
		{DA663407-315E-4F49-9426-1A3E9BE76274}.Debug|Any CPU.Build.0 = Debug|Any CPU
		{DA663407-315E-4F49-9426-1A3E9BE76274}.Release|Any CPU.ActiveCfg = Release|Any CPU
		{DA663407-315E-4F49-9426-1A3E9BE76274}.Release|Any CPU.Build.0 = Release|Any CPU
		{0CAEDCBC-0C95-4C5E-9498-15E9433DEFE5}.Debug|Any CPU.ActiveCfg = Debug|Any CPU
		{0CAEDCBC-0C95-4C5E-9498-15E9433DEFE5}.Debug|Any CPU.Build.0 = Debug|Any CPU
		{0CAEDCBC-0C95-4C5E-9498-15E9433DEFE5}.Release|Any CPU.ActiveCfg = Release|Any CPU
		{0CAEDCBC-0C95-4C5E-9498-15E9433DEFE5}.Release|Any CPU.Build.0 = Release|Any CPU
		{B3D63620-0047-4D8A-89FF-71BFBCDD0659}.Debug|Any CPU.ActiveCfg = Debug|Any CPU
		{B3D63620-0047-4D8A-89FF-71BFBCDD0659}.Debug|Any CPU.Build.0 = Debug|Any CPU
		{B3D63620-0047-4D8A-89FF-71BFBCDD0659}.Release|Any CPU.ActiveCfg = Release|Any CPU
		{B3D63620-0047-4D8A-89FF-71BFBCDD0659}.Release|Any CPU.Build.0 = Release|Any CPU
		{7AC1C9C4-3626-4385-9C08-33A794C1E0E7}.Debug|Any CPU.ActiveCfg = Debug|Any CPU
		{7AC1C9C4-3626-4385-9C08-33A794C1E0E7}.Debug|Any CPU.Build.0 = Debug|Any CPU
		{7AC1C9C4-3626-4385-9C08-33A794C1E0E7}.Release|Any CPU.ActiveCfg = Release|Any CPU
		{7AC1C9C4-3626-4385-9C08-33A794C1E0E7}.Release|Any CPU.Build.0 = Release|Any CPU
		{420305A3-C964-4704-996F-A3AFA3706562}.Debug|Any CPU.ActiveCfg = Debug|Any CPU
		{420305A3-C964-4704-996F-A3AFA3706562}.Debug|Any CPU.Build.0 = Debug|Any CPU
		{420305A3-C964-4704-996F-A3AFA3706562}.Release|Any CPU.ActiveCfg = Release|Any CPU
		{420305A3-C964-4704-996F-A3AFA3706562}.Release|Any CPU.Build.0 = Release|Any CPU
	EndGlobalSection
	GlobalSection(SolutionProperties) = preSolution
		HideSolutionNode = FALSE
	EndGlobalSection
	GlobalSection(NestedProjects) = preSolution
		{5C0B0386-50D2-4B19-A387-5C6E31093888} = {2611CBE4-C6F4-4CD3-9704-BCE21EF52BA0}
		{06341EC3-AD72-4FE8-A081-59CEA885C84C} = {A994DFDC-C484-466C-BFBD-F3464F92BB1A}
		{5055499C-C24D-4E67-A999-5E4C21400D77} = {A994DFDC-C484-466C-BFBD-F3464F92BB1A}
		{19D94C13-1041-4426-9F67-F1F2A5F1731E} = {A994DFDC-C484-466C-BFBD-F3464F92BB1A}
		{DA663407-315E-4F49-9426-1A3E9BE76274} = {3815EA10-71F7-4187-9D32-EE6B636594E4}
		{0CAEDCBC-0C95-4C5E-9498-15E9433DEFE5} = {3815EA10-71F7-4187-9D32-EE6B636594E4}
		{B3D63620-0047-4D8A-89FF-71BFBCDD0659} = {3815EA10-71F7-4187-9D32-EE6B636594E4}
		{7AC1C9C4-3626-4385-9C08-33A794C1E0E7} = {3815EA10-71F7-4187-9D32-EE6B636594E4}
		{420305A3-C964-4704-996F-A3AFA3706562} = {2611CBE4-C6F4-4CD3-9704-BCE21EF52BA0}
	EndGlobalSection
	GlobalSection(ExtensibilityGlobals) = postSolution
		SolutionGuid = {8BCAABA4-17A2-4603-9B3A-A483AD253BE8}
	EndGlobalSection
EndGlobal
